
Microsoft Visual Studio Solution File, Format Version 12.00
# Visual Studio Version 16
VisualStudioVersion = 16.0.30804.86
MinimumVisualStudioVersion = 10.0.40219.1
Project("{FAE04EC0-301F-11D3-BF4B-00C04F79EFBC}") = "SqlViewer", "SqlViewer\SqlViewer.csproj", "{BBC3DA9A-1C11-427F-8967-D8392759DA0A}"
EndProject
Global
	GlobalSection(SolutionConfigurationPlatforms) = preSolution
		Debug|Any CPU = Debug|Any CPU
		Release|Any CPU = Release|Any CPU
	EndGlobalSection
	GlobalSection(ProjectConfigurationPlatforms) = postSolution
		{BBC3DA9A-1C11-427F-8967-D8392759DA0A}.Debug|Any CPU.ActiveCfg = Debug|Any CPU
		{BBC3DA9A-1C11-427F-8967-D8392759DA0A}.Debug|Any CPU.Build.0 = Debug|Any CPU
		{BBC3DA9A-1C11-427F-8967-D8392759DA0A}.Release|Any CPU.ActiveCfg = Release|Any CPU
		{BBC3DA9A-1C11-427F-8967-D8392759DA0A}.Release|Any CPU.Build.0 = Release|Any CPU
	EndGlobalSection
	GlobalSection(SolutionProperties) = preSolution
		HideSolutionNode = FALSE
	EndGlobalSection
	GlobalSection(ExtensibilityGlobals) = postSolution
		SolutionGuid = {648B63F3-3076-454A-AF4E-ADA327E60EB3}
	EndGlobalSection
EndGlobal
